
Microsoft Visual Studio Solution File, Format Version 12.00
# Visual Studio Version 16
VisualStudioVersion = 16.0.32630.194
MinimumVisualStudioVersion = 10.0.40219.1
Project("{FAE04EC0-301F-11D3-BF4B-00C04F79EFBC}") = "Ex03.GarageLogic", "Ex03.GarageLogic\Ex03.GarageLogic.csproj", "{54F7FBDF-D797-4B79-AF5C-ABCE10988158}"
EndProject
Project("{FAE04EC0-301F-11D3-BF4B-00C04F79EFBC}") = "Ex03.ConsoleUI", "Ex03.ConsoleUI\Ex03.ConsoleUI.csproj", "{F298E793-7ACA-48CA-BADC-8F5FA7D0DBA8}"
EndProject
Global
	GlobalSection(SolutionConfigurationPlatforms) = preSolution
		Debug|Any CPU = Debug|Any CPU
		Release|Any CPU = Release|Any CPU
	EndGlobalSection
	GlobalSection(ProjectConfigurationPlatforms) = postSolution
		{54F7FBDF-D797-4B79-AF5C-ABCE10988158}.Debug|Any CPU.ActiveCfg = Debug|Any CPU
		{54F7FBDF-D797-4B79-AF5C-ABCE10988158}.Debug|Any CPU.Build.0 = Debug|Any CPU
		{54F7FBDF-D797-4B79-AF5C-ABCE10988158}.Release|Any CPU.ActiveCfg = Release|Any CPU
		{54F7FBDF-D797-4B79-AF5C-ABCE10988158}.Release|Any CPU.Build.0 = Release|Any CPU
		{F298E793-7ACA-48CA-BADC-8F5FA7D0DBA8}.Debug|Any CPU.ActiveCfg = Debug|Any CPU
		{F298E793-7ACA-48CA-BADC-8F5FA7D0DBA8}.Debug|Any CPU.Build.0 = Debug|Any CPU
		{F298E793-7ACA-48CA-BADC-8F5FA7D0DBA8}.Release|Any CPU.ActiveCfg = Release|Any CPU
		{F298E793-7ACA-48CA-BADC-8F5FA7D0DBA8}.Release|Any CPU.Build.0 = Release|Any CPU
	EndGlobalSection
	GlobalSection(SolutionProperties) = preSolution
		HideSolutionNode = FALSE
	EndGlobalSection
	GlobalSection(ExtensibilityGlobals) = postSolution
		SolutionGuid = {387B2516-BDB1-4CAC-9AC8-2E05003B6269}
	EndGlobalSection
EndGlobal
